{
  "version": 4,
  "terraform_version": "0.12.26",
  "serial": 141,
  "lineage": "13c6241b-bd3e-b032-be93-c04cd19936b6",
  "outputs": {
    "bastion_ip": {
      "value": "18.132.43.212",
      "type": "string"
    },
    "etcd": {
      "value": "10.250.195.243",
      "type": "string"
    },
    "inventory": {
      "value": "[all]\nip-10-250-194-109.eu-west-2.compute.internal ansible_host=10.250.194.109\nip-10-250-197-222.eu-west-2.compute.internal ansible_host=10.250.197.222\nip-10-250-195-243.eu-west-2.compute.internal ansible_host=10.250.195.243\nbastion ansible_host=18.132.43.212\n\n[bastion]\nbastion ansible_host=18.132.43.212\n\n[kube-master]\nip-10-250-194-109.eu-west-2.compute.internal\n\n\n[kube-node]\nip-10-250-197-222.eu-west-2.compute.internal\n\n\n[etcd]\nip-10-250-195-243.eu-west-2.compute.internal\n\n\n[k8s-cluster:children]\nkube-node\nkube-master\n\n\n[k8s-cluster:vars]\napiserver_loadbalancer_domain_name=\"kubernetes-elb-kubespray-cluster-1565476831.eu-west-2.elb.amazonaws.com\"\n\n",
      "type": "string"
    },
    "masters": {
      "value": "10.250.194.109",
      "type": "string"
    },
    "workers": {
      "value": "10.250.197.222",
      "type": "string"
    }
  },
  "resources": [
    {
      "module": "module.aws-vpc",
      "mode": "managed",
      "type": "aws_eip",
      "name": "cluster-nat-eip",
      "each": "list",
      "provider": "provider.aws",
      "instances": []
    },
    {
      "mode": "managed",
      "type": "aws_elb_attachment",
      "name": "attach_master_nodes",
      "each": "list",
      "provider": "provider.aws",
      "instances": []
    },
    {
      "mode": "managed",
      "type": "aws_instance",
      "name": "bastion-server",
      "each": "list",
      "provider": "provider.aws",
      "instances": []
    },
    {
      "mode": "managed",
      "type": "aws_instance",
      "name": "k8s-etcd",
      "each": "list",
      "provider": "provider.aws",
      "instances": []
    },
    {
      "mode": "managed",
      "type": "aws_instance",
      "name": "k8s-master",
      "each": "list",
      "provider": "provider.aws",
      "instances": []
    },
    {
      "mode": "managed",
      "type": "aws_instance",
      "name": "k8s-worker",
      "each": "list",
      "provider": "provider.aws",
      "instances": []
    },
    {
      "module": "module.aws-vpc",
      "mode": "managed",
      "type": "aws_nat_gateway",
      "name": "cluster-nat-gateway",
      "each": "list",
      "provider": "provider.aws",
      "instances": []
    },
    {
      "module": "module.aws-vpc",
      "mode": "managed",
      "type": "aws_route_table",
      "name": "kubernetes-private",
      "each": "list",
      "provider": "provider.aws",
      "instances": []
    },
    {
      "module": "module.aws-vpc",
      "mode": "managed",
      "type": "aws_route_table_association",
      "name": "kubernetes-private",
      "each": "list",
      "provider": "provider.aws",
      "instances": []
    },
    {
      "module": "module.aws-vpc",
      "mode": "managed",
      "type": "aws_route_table_association",
      "name": "kubernetes-public",
      "each": "list",
      "provider": "provider.aws",
      "instances": []
    },
    {
      "module": "module.aws-vpc",
      "mode": "managed",
      "type": "aws_subnet",
      "name": "cluster-vpc-subnets-private",
      "each": "list",
      "provider": "provider.aws",
      "instances": []
    },
    {
      "module": "module.aws-vpc",
      "mode": "managed",
      "type": "aws_subnet",
      "name": "cluster-vpc-subnets-public",
      "each": "list",
      "provider": "provider.aws",
      "instances": []
    },
    {
      "module": "module.aws-vpc",
      "mode": "managed",
      "type": "aws_vpc",
      "name": "cluster-vpc",
      "provider": "provider.aws",
      "instances": [
        {
          "schema_version": 1,
          "attributes": {
            "arn": "arn:aws:ec2:eu-west-2:357981248737:vpc/vpc-0d81e5ce9c64f1fee",
            "assign_generated_ipv6_cidr_block": false,
            "cidr_block": "10.250.192.0/18",
            "default_network_acl_id": "acl-07b83c9b425548919",
            "default_route_table_id": "rtb-0dfcaf481886abd1f",
            "default_security_group_id": "sg-064bb52942e16865f",
            "dhcp_options_id": "dopt-2398c74b",
            "enable_classiclink": null,
            "enable_classiclink_dns_support": null,
            "enable_dns_hostnames": true,
            "enable_dns_support": true,
            "id": "vpc-0d81e5ce9c64f1fee",
            "instance_tenancy": "default",
            "ipv6_association_id": "",
            "ipv6_cidr_block": "",
            "main_route_table_id": "rtb-0dfcaf481886abd1f",
            "owner_id": "357981248737",
            "tags": {
              "Name": "kubernetes-kubespray-cluster-vpc"
            }
          }
        }
      ]
    }
  ]
}
